// !$*UTF8*$!
{
	archiveVersion = 1;
	classes = {
	};
	objectVersion = 46;
	objects = {

/* Begin PBXBuildFile section */
		2F0ECD161B6EC87E002EF703 /* main.m in Sources */ = {isa = PBXBuildFile; fileRef = 2F0ECD151B6EC87E002EF703 /* main.m */; };
/* End PBXBuildFile section */

/* Begin PBXCopyFilesBuildPhase section */
		2F0ECD101B6EC87E002EF703 /* CopyFiles */ = {
			isa = PBXCopyFilesBuildPhase;
			buildActionMask = 2147483647;
			dstPath = /usr/share/man/man1/;
			dstSubfolderSpec = 0;
			files = (
			);
			runOnlyForDeploymentPostprocessing = 1;
		};
/* End PBXCopyFilesBuildPhase section */

/* Begin PBXFileReference section */
		2F0ECD121B6EC87E002EF703 /* les1_oc_pr_mybirthdaySecondsTime */ = {isa = PBXFileReference; explicitFileType = "compiled.mach-o.executable"; includeInIndex = 0; path = les1_oc_pr_mybirthdaySecondsTime; sourceTree = BUILT_PRODUCTS_DIR; };
		2F0ECD151B6EC87E002EF703 /* main.m */ = {isa = PBXFileReference; lastKnownFileType = sourcecode.c.objc; path = main.m; sourceTree = "<group>"; };
/* End PBXFileReference section */

/* Begin PBXFrameworksBuildPhase section */
		2F0ECD0F1B6EC87E002EF703 /* Frameworks */ = {
			isa = PBXFrameworksBuildPhase;
			buildActionMask = 2147483647;
			files = (
			);
			runOnlyForDeploymentPostprocessing = 0;
		};
/* End PBXFrameworksBuildPhase section */

/* Begin PBXGroup section */
		2F0ECD091B6EC87E002EF703 = {
			isa = PBXGroup;
			children = (
				2F0ECD141B6EC87E002EF703 /* les1_oc_pr_mybirthdaySecondsTime */,
				2F0ECD131B6EC87E002EF703 /* Products */,
			);
			sourceTree = "<group>";
		};
		2F0ECD131B6EC87E002EF703 /* Products */ = {
			isa = PBXGroup;
			children = (
				2F0ECD121B6EC87E002EF703 /* les1_oc_pr_mybirthdaySecondsTime */,
			);
			name = Products;
			sourceTree = "<group>";
		};
		2F0ECD141B6EC87E002EF703 /* les1_oc_pr_mybirthdaySecondsTime */ = {
			isa = PBXGroup;
			children = (
				2F0ECD151B6EC87E002EF703 /* main.m */,
			);
			path = les1_oc_pr_mybirthdaySecondsTime;
			sourceTree = "<group>";
		};
/* End PBXGroup section */

/* Begin PBXNativeTarget section */
		2F0ECD111B6EC87E002EF703 /* les1_oc_pr_mybirthdaySecondsTime */ = {
			isa = PBXNativeTarget;
			buildConfigurationList = 2F0ECD191B6EC87E002EF703 /* Build configuration list for PBXNativeTarget "les1_oc_pr_mybirthdaySecondsTime" */;
			buildPhases = (
				2F0ECD0E1B6EC87E002EF703 /* Sources */,
				2F0ECD0F1B6EC87E002EF703 /* Frameworks */,
				2F0ECD101B6EC87E002EF703 /* CopyFiles */,
			);
			buildRules = (
			);
			dependencies = (
			);
			name = les1_oc_pr_mybirthdaySecondsTime;
			productName = les1_oc_pr_mybirthdaySecondsTime;
			productReference = 2F0ECD121B6EC87E002EF703 /* les1_oc_pr_mybirthdaySecondsTime */;
			productType = "com.apple.product-type.tool";
		};
/* End PBXNativeTarget section */

/* Begin PBXProject section */
		2F0ECD0A1B6EC87E002EF703 /* Project object */ = {
			isa = PBXProject;
			attributes = {
				LastUpgradeCheck = 0640;
				ORGANIZATIONNAME = my.company;
				TargetAttributes = {
					2F0ECD111B6EC87E002EF703 = {
						CreatedOnToolsVersion = 6.4;
					};
				};
			};
			buildConfigurationList = 2F0ECD0D1B6EC87E002EF703 /* Build configuration list for PBXProject "les1_oc_pr_mybirthdaySecondsTime" */;
			compatibilityVersion = "Xcode 3.2";
			developmentRegion = English;
			hasScannedForEncodings = 0;
			knownRegions = (
				en,
			);
			mainGroup = 2F0ECD091B6EC87E002EF703;
			productRefGroup = 2F0ECD131B6EC87E002EF703 /* Products */;
			projectDirPath = "";
			projectRoot = "";
			targets = (
				2F0ECD111B6EC87E002EF703 /* les1_oc_pr_mybirthdaySecondsTime */,
			);
		};
/* End PBXProject section */

/* Begin PBXSourcesBuildPhase section */
		2F0ECD0E1B6EC87E002EF703 /* Sources */ = {
			isa = PBXSourcesBuildPhase;
			buildActionMask = 2147483647;
			files = (
				2F0ECD161B6EC87E002EF703 /* main.m in Sources */,
			);
			runOnlyForDeploymentPostprocessing = 0;
		};
/* End PBXSourcesBuildPhase section */

/* Begin XCBuildConfiguration section */
		2F0ECD171B6EC87E002EF703 /* Debug */ = {
			isa = XCBuildConfiguration;
			buildSettings = {
				ALWAYS_SEARCH_USER_PATHS = NO;
				CLANG_CXX_LANGUAGE_STANDARD = "gnu++0x";
				CLANG_CXX_LIBRARY = "libc++";
				CLANG_ENABLE_MODULES = YES;
				CLANG_ENABLE_OBJC_ARC = YES;
				CLANG_WARN_BOOL_CONVERSION = YES;
				CLANG_WARN_CONSTANT_CONVERSION = YES;
				CLANG_WARN_DIRECT_OBJC_ISA_USAGE = YES_ERROR;
				CLANG_WARN_EMPTY_BODY = YES;
				CLANG_WARN_ENUM_CONVERSION = YES;
				CLANG_WARN_INT_CONVERSION = YES;
				CLANG_WARN_OBJC_ROOT_CLASS = YES_ERROR;
				CLANG_WARN_UNREACHABLE_CODE = YES;
				CLANG_WARN__DUPLICATE_METHOD_MATCH = YES;
				COPY_PHASE_STRIP = NO;
				DEBUG_INFORMATION_FORMAT = dwarf;
				ENABLE_STRICT_OBJC_MSGSEND = YES;
				GCC_C_LANGUAGE_STANDARD = gnu99;
				GCC_DYNAMIC_NO_PIC = NO;
				GCC_NO_COMMON_BLOCKS = YES;
				GCC_OPTIMIZATION_LEVEL = 0;
				GCC_PREPROCESSOR_DEFINITIONS = (
					"DEBUG=1",
					"$(inherited)",
				);
				GCC_SYMBOLS_PRIVATE_EXTERN = NO;
				GCC_WARN_64_TO_32_BIT_CONVERSION = YES;
				GCC_WARN_ABOUT_RETURN_TYPE = YES_ERROR;
				GCC_WARN_UNDECLARED_SELECTOR = YES;
				GCC_WARN_UNINITIALIZED_AUTOS = YES_AGGRESSIVE;
				GCC_WARN_UNUSED_FUNCTION = YES;
				GCC_WARN_UNUSED_VARIABLE = YES;
				MACOSX_DEPLOYMENT_TARGET = 10.10;
				MTL_ENABLE_DEBUG_INFO = YES;
				ONLY_ACTIVE_ARCH = YES;
				SDKROOT = macosx;
			};
			name = Debug;
		};
		2F0ECD181B6EC87E002EF703 /* Release */ = {
			isa = XCBuildConfiguration;
			buildSettings = {
				ALWAYS_SEARCH_USER_PATHS = NO;
				CLANG_CXX_LANGUAGE_STANDARD = "gnu++0x";
				CLANG_CXX_LIBRARY = "libc++";
				CLANG_ENABLE_MODULES = YES;
				CLANG_ENABLE_OBJC_ARC = YES;
				CLANG_WARN_BOOL_CONVERSION = YES;
				CLANG_WARN_CONSTANT_CONVERSION = YES;
				CLANG_WARN_DIRECT_OBJC_ISA_USAGE = YES_ERROR;
				CLANG_WARN_EMPTY_BODY = YES;
				CLANG_WARN_ENUM_CONVERSION = YES;
				CLANG_WARN_INT_CONVERSION = YES;
				CLANG_WARN_OBJC_ROOT_CLASS = YES_ERROR;
				CLANG_WARN_UNREACHABLE_CODE = YES;
				CLANG_WARN__DUPLICATE_METHOD_MATCH = YES;
				COPY_PHASE_STRIP = NO;
				DEBUG_INFORMATION_FORMAT = "dwarf-with-dsym";
				ENABLE_NS_ASSERTIONS = NO;
				ENABLE_STRICT_OBJC_MSGSEND = YES;
				GCC_C_LANGUAGE_STANDARD = gnu99;
				GCC_NO_COMMON_BLOCKS = YES;
				GCC_WARN_64_TO_32_BIT_CONVERSION = YES;
				GCC_WARN_ABOUT_RETURN_TYPE = YES_ERROR;
				GCC_WARN_UNDECLARED_SELECTOR = YES;
				GCC_WARN_UNINITIALIZED_AUTOS = YES_AGGRESSIVE;
				GCC_WARN_UNUSED_FUNCTION = YES;
				GCC_WARN_UNUSED_VARIABLE = YES;
				MACOSX_DEPLOYMENT_TARGET = 10.10;
				MTL_ENABLE_DEBUG_INFO = NO;
				SDKROOT = macosx;
			};
			name = Release;
		};
		2F0ECD1A1B6EC87E002EF703 /* Debug */ = {
			isa = XCBuildConfiguration;
			buildSettings = {
				PRODUCT_NAME = "$(TARGET_NAME)";
			};
			name = Debug;
		};
		2F0ECD1B1B6EC87E002EF703 /* Release */ = {
			isa = XCBuildConfiguration;
			buildSettings = {
				PRODUCT_NAME = "$(TARGET_NAME)";
			};
			name = Release;
		};
/* End XCBuildConfiguration section */

/* Begin XCConfigurationList section */
		2F0ECD0D1B6EC87E002EF703 /* Build configuration list for PBXProject "les1_oc_pr_mybirthdaySecondsTime" */ = {
			isa = XCConfigurationList;
			buildConfigurations = (
				2F0ECD171B6EC87E002EF703 /* Debug */,
				2F0ECD181B6EC87E002EF703 /* Release */,
			);
			defaultConfigurationIsVisible = 0;
			defaultConfigurationName = Release;
		};
		2F0ECD191B6EC87E002EF703 /* Build configuration list for PBXNativeTarget "les1_oc_pr_mybirthdaySecondsTime" */ = {
			isa = XCConfigurationList;
			buildConfigurations = (
				2F0ECD1A1B6EC87E002EF703 /* Debug */,
				2F0ECD1B1B6EC87E002EF703 /* Release */,
			);
			defaultConfigurationIsVisible = 0;
		};
/* End XCConfigurationList section */
	};
	rootObject = 2F0ECD0A1B6EC87E002EF703 /* Project object */;
}
